{
  "name": "spotify-web-api-js",
  "version": "0.0.1",
  "lockfileVersion": 1,
  "requires": true,
  "dependencies": {
    "tslint-microsoft-contrib": {
      "version": "5.0.1",
      "resolved": "https://registry.npmjs.org/tslint-microsoft-contrib/-/tslint-microsoft-contrib-5.0.1.tgz",
      "integrity": "sha1-Mo7pwo0HzfeTKTIEyW4v+rkiGZQ=",
      "dev": true,
      "requires": {
        "tsutils": "1.9.1"
      }
    },
    "tsutils": {
      "version": "1.9.1",
      "resolved": "https://registry.npmjs.org/tsutils/-/tsutils-1.9.1.tgz",
      "integrity": "sha1-ufmrROVa+WgYMdXyjQrur1x1DLA=",
      "dev": true
    },
    "whatwg-fetch": {
      "version": "2.0.3",
      "resolved": "https://registry.npmjs.org/whatwg-fetch/-/whatwg-fetch-2.0.3.tgz",
      "integrity": "sha1-nITsLc9oGH/wC8ZOEnS0QhduHIQ=",
      "dev": true
    }
  }
}
